<?xml version="1.0" encoding="utf-8"?>
<Project ToolsVersion="4.0" xmlns="http://schemas.microsoft.com/developer/msbuild/2003">
  <ItemGroup>
    <Filter Include="Atlantis">
      <UniqueIdentifier>{0ed26605-d565-48cf-8388-d08bf3eef54c}</UniqueIdentifier>
    </Filter>
    <Filter Include="Atlantis\DirectX12">
      <UniqueIdentifier>{433d9c8f-c073-42fa-b8f7-9fcad3e36c17}</UniqueIdentifier>
    </Filter>
    <Filter Include="Atlantis\DirectX12\MainDevice">
      <UniqueIdentifier>{3acc90e5-69f4-411a-be19-4f924e471edd}</UniqueIdentifier>
    </Filter>
    <Filter Include="Atlantis\DirectX12\Command">
      <UniqueIdentifier>{15584a0c-afae-47e9-bf9a-3471957bb529}</UniqueIdentifier>
    </Filter>
    <Filter Include="Atlantis\DirectX12\SwapChain">
      <UniqueIdentifier>{5d245f43-9cb6-48ac-bd95-4e4a7fbdb781}</UniqueIdentifier>
    </Filter>
    <Filter Include="Atlantis\DirectX12\RenderTargetView">
      <UniqueIdentifier>{46d48479-8c99-4a9e-90f8-29a23e76bb94}</UniqueIdentifier>
    </Filter>
    <Filter Include="Atlantis\DirectX12\Fence">
      <UniqueIdentifier>{10b063a4-a78b-457d-acdd-f80f62eddf0e}</UniqueIdentifier>
    </Filter>
    <Filter Include="Atlantis\DirectX12\Viewport">
      <UniqueIdentifier>{c619d592-fcec-49f2-965f-9400f2961799}</UniqueIdentifier>
    </Filter>
    <Filter Include="Atlantis\DirectX12\ScissorRect">
      <UniqueIdentifier>{1f0206b2-f337-4791-843f-52b636e24cb2}</UniqueIdentifier>
    </Filter>
    <Filter Include="Atlantis\DirectX12\Shader">
      <UniqueIdentifier>{17765fba-d5e0-4f9e-bd9e-e98ac9260112}</UniqueIdentifier>
    </Filter>
    <Filter Include="Atlantis\DirectX12\GraphicsPipeline">
      <UniqueIdentifier>{42c2bf84-f343-40ed-97b5-d4fcc187c7da}</UniqueIdentifier>
    </Filter>
    <Filter Include="Atlantis\DirectX12\RootSignature">
      <UniqueIdentifier>{61edcde5-96d7-4b58-aed9-ea8423275eae}</UniqueIdentifier>
    </Filter>
    <Filter Include="Atlantis\DirectX12\DirectXTex">
      <UniqueIdentifier>{6118ae06-4f1d-4133-bb72-fbb256b05aea}</UniqueIdentifier>
    </Filter>
    <Filter Include="Atlantis\DirectX12\Texture">
      <UniqueIdentifier>{cd6986f1-d384-49b8-8b7a-0374441b3487}</UniqueIdentifier>
    </Filter>
    <Filter Include="Atlantis\DirectX12\DirectXHelper">
      <UniqueIdentifier>{86c18967-312b-4f88-b690-1d920673d368}</UniqueIdentifier>
    </Filter>
    <Filter Include="Atlantis\DirectX12\DirectXDebug">
      <UniqueIdentifier>{168967c3-7c55-4027-8fe8-e68ca9889802}</UniqueIdentifier>
    </Filter>
    <Filter Include="Atlantis\DirectX12\Barrier">
      <UniqueIdentifier>{c041b3c6-d959-4b0c-bd31-c2b6ece50d9d}</UniqueIdentifier>
    </Filter>
    <Filter Include="Atlantis\DirectX12\DepthStencilView">
      <UniqueIdentifier>{9d0cf133-ebbf-4298-853e-52f88a57a0fa}</UniqueIdentifier>
    </Filter>
    <Filter Include="Atlantis\Utility">
      <UniqueIdentifier>{33ab01fa-92db-414d-a924-eaa3ad384574}</UniqueIdentifier>
    </Filter>
    <Filter Include="Atlantis\Utility\PrintUtility">
      <UniqueIdentifier>{3fada9b8-0721-48b4-ba80-10da8ac59090}</UniqueIdentifier>
    </Filter>
    <Filter Include="Atlantis\DirectX12\VertexBuffer">
      <UniqueIdentifier>{95015e1b-d7a6-4613-bf57-c5e101e5457c}</UniqueIdentifier>
    </Filter>
    <Filter Include="Atlantis\DirectX12\IndexBuffer">
      <UniqueIdentifier>{05486537-ed2c-4c5c-8038-557228f9776a}</UniqueIdentifier>
    </Filter>
    <Filter Include="Atlantis\Utility\FileUtility">
      <UniqueIdentifier>{82e1fef7-1bb3-46ac-9dbc-15f07c8a5aa9}</UniqueIdentifier>
    </Filter>
    <Filter Include="Atlantis\Resource">
      <UniqueIdentifier>{2ed73c98-c62a-4c33-9cc3-7d875e29781d}</UniqueIdentifier>
    </Filter>
    <Filter Include="Atlantis\DirectX12\ShaderCompiler">
      <UniqueIdentifier>{5eace486-01c0-466c-9e1b-b6b9048aee54}</UniqueIdentifier>
    </Filter>
    <Filter Include="Atlantis\DirectX12\ConstantBuffer">
      <UniqueIdentifier>{507e66c6-a73a-45e0-8526-bafcfd1ecdca}</UniqueIdentifier>
    </Filter>
    <Filter Include="Atlantis\Material">
      <UniqueIdentifier>{3902ed98-7661-44a6-b9f5-4378d0f05c67}</UniqueIdentifier>
    </Filter>
    <Filter Include="Atlantis\RHIProcessor">
      <UniqueIdentifier>{eeb444d3-52ec-4f53-8d66-3a59f879b00f}</UniqueIdentifier>
    </Filter>
    <Filter Include="Atlantis\SceneView">
      <UniqueIdentifier>{469d8437-704e-4ac8-afc5-98daec992d58}</UniqueIdentifier>
    </Filter>
  </ItemGroup>
  <ItemGroup>
    <ClInclude Include="Atlantis\DirectX12\MainDevice\MainDevice.h">
      <Filter>Atlantis\DirectX12\MainDevice</Filter>
    </ClInclude>
    <ClInclude Include="Atlantis\DirectX12\DirectX12BaseDefine.h">
      <Filter>Atlantis\DirectX12</Filter>
    </ClInclude>
    <ClInclude Include="Atlantis\AtlantisBase.h">
      <Filter>Atlantis</Filter>
    </ClInclude>
    <ClInclude Include="Atlantis\AtlantisDefine.h">
      <Filter>Atlantis</Filter>
    </ClInclude>
    <ClInclude Include="Atlantis\DirectX12\Command\CommandContext.h">
      <Filter>Atlantis\DirectX12\Command</Filter>
    </ClInclude>
    <ClInclude Include="Atlantis\DirectX12\Command\CommandQueue.h">
      <Filter>Atlantis\DirectX12\Command</Filter>
    </ClInclude>
    <ClInclude Include="Atlantis\DirectX12\DirectXPaste.h">
      <Filter>Atlantis\DirectX12</Filter>
    </ClInclude>
    <ClInclude Include="Atlantis\DirectX12\SwapChain\SwapChain.h">
      <Filter>Atlantis\DirectX12\SwapChain</Filter>
    </ClInclude>
    <ClInclude Include="Atlantis\DirectX12\RenderTargetView\RenderTargetView.h">
      <Filter>Atlantis\DirectX12\RenderTargetView</Filter>
    </ClInclude>
    <ClInclude Include="Atlantis\DirectX12\Fence\Fence.h">
      <Filter>Atlantis\DirectX12\Fence</Filter>
    </ClInclude>
    <ClInclude Include="Atlantis\DirectX12\Viewport\Viewport.h">
      <Filter>Atlantis\DirectX12\Viewport</Filter>
    </ClInclude>
    <ClInclude Include="Atlantis\DirectX12\ScissorRect\ScissorRect.h">
      <Filter>Atlantis\DirectX12\ScissorRect</Filter>
    </ClInclude>
    <ClInclude Include="Atlantis\DirectX12\Shader\ShaderBase.h">
      <Filter>Atlantis\DirectX12\Shader</Filter>
    </ClInclude>
    <ClInclude Include="Atlantis\DirectX12\Shader\GraphicsShader.h">
      <Filter>Atlantis\DirectX12\Shader</Filter>
    </ClInclude>
    <ClInclude Include="Atlantis\DirectX12\GraphicsPipeline\GraphicsPipeline.h">
      <Filter>Atlantis\DirectX12\GraphicsPipeline</Filter>
    </ClInclude>
    <ClInclude Include="Atlantis\DirectX12\RootSignature\RootSignature.h">
      <Filter>Atlantis\DirectX12\RootSignature</Filter>
    </ClInclude>
    <ClInclude Include="Atlantis\DirectX12\DirectXTex\DirectXTex.h">
      <Filter>Atlantis\DirectX12\DirectXTex</Filter>
    </ClInclude>
    <ClInclude Include="Atlantis\DirectX12\Texture\Texture.h">
      <Filter>Atlantis\DirectX12\Texture</Filter>
    </ClInclude>
    <ClInclude Include="Atlantis\DirectX12\DirectXHelper\d3dx12.h">
      <Filter>Atlantis\DirectX12\DirectXHelper</Filter>
    </ClInclude>
    <ClInclude Include="Atlantis\DirectX12\DirectXHelper\d3dx12_barriers.h">
      <Filter>Atlantis\DirectX12\DirectXHelper</Filter>
    </ClInclude>
    <ClInclude Include="Atlantis\DirectX12\DirectXHelper\d3dx12_core.h">
      <Filter>Atlantis\DirectX12\DirectXHelper</Filter>
    </ClInclude>
    <ClInclude Include="Atlantis\DirectX12\DirectXHelper\d3dx12_default.h">
      <Filter>Atlantis\DirectX12\DirectXHelper</Filter>
    </ClInclude>
    <ClInclude Include="Atlantis\DirectX12\DirectXHelper\d3dx12_pipeline_state_stream.h">
      <Filter>Atlantis\DirectX12\DirectXHelper</Filter>
    </ClInclude>
    <ClInclude Include="Atlantis\DirectX12\DirectXHelper\d3dx12_check_feature_support.h">
      <Filter>Atlantis\DirectX12\DirectXHelper</Filter>
    </ClInclude>
    <ClInclude Include="Atlantis\DirectX12\DirectXHelper\d3dx12_render_pass.h">
      <Filter>Atlantis\DirectX12\DirectXHelper</Filter>
    </ClInclude>
    <ClInclude Include="Atlantis\DirectX12\DirectXHelper\d3dx12_resource_helpers.h">
      <Filter>Atlantis\DirectX12\DirectXHelper</Filter>
    </ClInclude>
    <ClInclude Include="Atlantis\DirectX12\DirectXHelper\d3dx12_root_signature.h">
      <Filter>Atlantis\DirectX12\DirectXHelper</Filter>
    </ClInclude>
    <ClInclude Include="Atlantis\DirectX12\DirectXHelper\d3dx12_state_object.h">
      <Filter>Atlantis\DirectX12\DirectXHelper</Filter>
    </ClInclude>
    <ClInclude Include="Atlantis\DirectX12\DirectXDebug\DirectXDebug.h">
      <Filter>Atlantis\DirectX12\DirectXDebug</Filter>
    </ClInclude>
    <ClInclude Include="Atlantis\DirectX12\Barrier\Barrier.h">
      <Filter>Atlantis\DirectX12\Barrier</Filter>
    </ClInclude>
    <ClInclude Include="Atlantis\DirectX12\DepthStencilView\DepthStencilView.h">
      <Filter>Atlantis\DirectX12\DepthStencilView</Filter>
    </ClInclude>
    <ClInclude Include="Atlantis\Utility\PrintUtility\PrintUtility.h">
      <Filter>Atlantis\Utility\PrintUtility</Filter>
    </ClInclude>
    <ClInclude Include="Atlantis\DirectX12\VertexBuffer\VertexBuffer.h">
      <Filter>Atlantis\DirectX12\VertexBuffer</Filter>
    </ClInclude>
    <ClInclude Include="Atlantis\DirectX12\IndexBuffer\IndexBuffer.h">
      <Filter>Atlantis\DirectX12\IndexBuffer</Filter>
    </ClInclude>
    <ClInclude Include="Atlantis\DirectX12\Texture\TextureResource.h">
      <Filter>Atlantis\DirectX12\Texture</Filter>
    </ClInclude>
    <ClInclude Include="Atlantis\DirectX12\Shader\ShaderBaseInitializer.h">
      <Filter>Atlantis\DirectX12\Shader</Filter>
    </ClInclude>
    <ClInclude Include="Atlantis\DirectX12\Shader\GraphicsShaderInitializer.h">
      <Filter>Atlantis\DirectX12\Shader</Filter>
    </ClInclude>
    <ClInclude Include="Atlantis\DirectX12\Texture\TextureResourceInitializer.h">
      <Filter>Atlantis\DirectX12\Texture</Filter>
    </ClInclude>
    <ClInclude Include="Atlantis\Utility\FileUtility\FileTypeDefine.h">
      <Filter>Atlantis\Utility\FileUtility</Filter>
    </ClInclude>
    <ClInclude Include="Atlantis\Utility\FileUtility\FileUtility.h">
      <Filter>Atlantis\Utility\FileUtility</Filter>
    </ClInclude>
    <ClInclude Include="Atlantis\Resource\TextureResourceManager.h">
      <Filter>Atlantis\Resource</Filter>
    </ClInclude>
    <ClInclude Include="Atlantis\Resource\ShaderManager.h">
      <Filter>Atlantis\Resource</Filter>
    </ClInclude>
    <ClInclude Include="Atlantis\DirectX12\ShaderCompiler\ShaderCompiler.h">
      <Filter>Atlantis\DirectX12\ShaderCompiler</Filter>
    </ClInclude>
    <ClInclude Include="Atlantis\DirectX12\Shader\ShaderData.h">
      <Filter>Atlantis\DirectX12\Shader</Filter>
    </ClInclude>
    <ClInclude Include="Atlantis\DirectX12\Shader\ShaderPreDefine.h">
      <Filter>Atlantis\DirectX12\Shader</Filter>
    </ClInclude>
    <ClInclude Include="Atlantis\DirectX12\ConstantBuffer\ConstantBufferPreDefine.h">
      <Filter>Atlantis\DirectX12\ConstantBuffer</Filter>
    </ClInclude>
    <ClInclude Include="Atlantis\Material\MaterialInterface.h">
      <Filter>Atlantis\Material</Filter>
    </ClInclude>
    <ClInclude Include="Atlantis\Material\MaterialInterfaceInitializer.h">
      <Filter>Atlantis\Material</Filter>
    </ClInclude>
    <ClInclude Include="Atlantis\DirectX12\GlueMath.h">
      <Filter>Atlantis\DirectX12</Filter>
    </ClInclude>
    <ClInclude Include="Atlantis\DirectX12\Shader\ShaderName.h">
      <Filter>Atlantis\DirectX12\Shader</Filter>
    </ClInclude>
    <ClInclude Include="Atlantis\DirectX12\Shader\ShaderNameBlock.h">
      <Filter>Atlantis\DirectX12\Shader</Filter>
    </ClInclude>
    <ClInclude Include="Atlantis\RHIProccessor\RHIProcessor.h">
      <Filter>Atlantis\RHIProcessor</Filter>
    </ClInclude>
    <ClInclude Include="Atlantis\RHIProccessor\RHIProcessorInitialize.h">
      <Filter>Atlantis\RHIProcessor</Filter>
    </ClInclude>
    <ClInclude Include="Atlantis\RHIProccessor\RHIRenderTargetView.h">
      <Filter>Atlantis\RHIProcessor</Filter>
    </ClInclude>
    <ClInclude Include="Atlantis\RHIProccessor\RHIRenderTargetDefine.h">
      <Filter>Atlantis\RHIProcessor</Filter>
    </ClInclude>
    <ClInclude Include="Atlantis\RHIProccessor\RHIRenderTargetViewInitializer.h">
      <Filter>Atlantis\RHIProcessor</Filter>
    </ClInclude>
    <ClInclude Include="Atlantis\SceneView\SceneView.h">
      <Filter>Atlantis\SceneView</Filter>
    </ClInclude>
    <ClInclude Include="Atlantis\SceneView\SceneViewInitializer.h">
      <Filter>Atlantis\SceneView</Filter>
    </ClInclude>
    <ClInclude Include="Atlantis\Material\MaterialInterfaceDefine.h">
      <Filter>Atlantis\Material</Filter>
    </ClInclude>
  </ItemGroup>
  <ItemGroup>
    <ClCompile Include="Atlantis\DirectX12\MainDevice\MainDevice.cpp">
      <Filter>Atlantis\DirectX12\MainDevice</Filter>
    </ClCompile>
    <ClCompile Include="Atlantis\DirectX12\Command\CommandContext.cpp">
      <Filter>Atlantis\DirectX12\Command</Filter>
    </ClCompile>
    <ClCompile Include="Atlantis\DirectX12\Command\CommandQueue.cpp">
      <Filter>Atlantis\DirectX12\Command</Filter>
    </ClCompile>
    <ClCompile Include="Atlantis\DirectX12\DirectXPaste.cpp">
      <Filter>Atlantis\DirectX12</Filter>
    </ClCompile>
    <ClCompile Include="Atlantis\DirectX12\SwapChain\SwapChain.cpp">
      <Filter>Atlantis\DirectX12\SwapChain</Filter>
    </ClCompile>
    <ClCompile Include="Atlantis\DirectX12\RenderTargetView\RenderTargetView.cpp">
      <Filter>Atlantis\DirectX12\RenderTargetView</Filter>
    </ClCompile>
    <ClCompile Include="Atlantis\DirectX12\Fence\Fence.cpp">
      <Filter>Atlantis\DirectX12\Fence</Filter>
    </ClCompile>
    <ClCompile Include="Atlantis\DirectX12\Viewport\Viewport.cpp">
      <Filter>Atlantis\DirectX12\Viewport</Filter>
    </ClCompile>
    <ClCompile Include="Atlantis\DirectX12\ScissorRect\ScissorRect.cpp">
      <Filter>Atlantis\DirectX12\ScissorRect</Filter>
    </ClCompile>
    <ClCompile Include="Atlantis\DirectX12\Shader\ShaderBase.cpp">
      <Filter>Atlantis\DirectX12\Shader</Filter>
    </ClCompile>
    <ClCompile Include="Atlantis\DirectX12\Shader\GraphicsShader.cpp">
      <Filter>Atlantis\DirectX12\Shader</Filter>
    </ClCompile>
    <ClCompile Include="Atlantis\DirectX12\GraphicsPipeline\GraphicsPipeline.cpp">
      <Filter>Atlantis\DirectX12\GraphicsPipeline</Filter>
    </ClCompile>
    <ClCompile Include="Atlantis\DirectX12\RootSignature\RootSignature.cpp">
      <Filter>Atlantis\DirectX12\RootSignature</Filter>
    </ClCompile>
    <ClCompile Include="Atlantis\DirectX12\Texture\Texture.cpp">
      <Filter>Atlantis\DirectX12\Texture</Filter>
    </ClCompile>
    <ClCompile Include="Atlantis\DirectX12\DirectXDebug\DirectXDebug.cpp">
      <Filter>Atlantis\DirectX12\DirectXDebug</Filter>
    </ClCompile>
    <ClCompile Include="Atlantis\DirectX12\Barrier\Barrier.cpp">
      <Filter>Atlantis\DirectX12\Barrier</Filter>
    </ClCompile>
    <ClCompile Include="Atlantis\DirectX12\DepthStencilView\DepthStencilView.cpp">
      <Filter>Atlantis\DirectX12\DepthStencilView</Filter>
    </ClCompile>
    <ClCompile Include="Atlantis\Utility\PrintUtility\PrintUtility.cpp">
      <Filter>Atlantis\Utility\PrintUtility</Filter>
    </ClCompile>
    <ClCompile Include="Atlantis\DirectX12\VertexBuffer\VertexBuffer.cpp">
      <Filter>Atlantis\DirectX12\VertexBuffer</Filter>
    </ClCompile>
    <ClCompile Include="Atlantis\DirectX12\IndexBuffer\IndexBuffer.cpp">
      <Filter>Atlantis\DirectX12\IndexBuffer</Filter>
    </ClCompile>
    <ClCompile Include="Atlantis\DirectX12\Texture\TextureResource.cpp">
      <Filter>Atlantis\DirectX12\Texture</Filter>
    </ClCompile>
    <ClCompile Include="Atlantis\Utility\FileUtility\FileUtility.cpp">
      <Filter>Atlantis\Utility\FileUtility</Filter>
    </ClCompile>
    <ClCompile Include="Atlantis\Resource\TextureResourceManager.cpp">
      <Filter>Atlantis\Resource</Filter>
    </ClCompile>
    <ClCompile Include="Atlantis\Resource\ShaderManager.cpp">
      <Filter>Atlantis\Resource</Filter>
    </ClCompile>
    <ClCompile Include="Atlantis\DirectX12\ShaderCompiler\ShaderCompiler.cpp">
      <Filter>Atlantis\DirectX12\ShaderCompiler</Filter>
    </ClCompile>
    <ClCompile Include="Atlantis\Material\MaterialInterface.cpp">
      <Filter>Atlantis\Material</Filter>
    </ClCompile>
    <ClCompile Include="Atlantis\DirectX12\ConstantBuffer\ConstantBufferPreDefine.cpp">
      <Filter>Atlantis\DirectX12\ConstantBuffer</Filter>
    </ClCompile>
    <ClCompile Include="Atlantis\DirectX12\Shader\ShaderName.cpp">
      <Filter>Atlantis\DirectX12\Shader</Filter>
    </ClCompile>
    <ClCompile Include="Atlantis\RHIProccessor\RHIProcessor.cpp">
      <Filter>Atlantis\RHIProcessor</Filter>
    </ClCompile>
    <ClCompile Include="Atlantis\RHIProccessor\RHIRenderTargetVIew.cpp">
      <Filter>Atlantis\RHIProcessor</Filter>
    </ClCompile>
    <ClCompile Include="Atlantis\SceneView\SceneView.cpp">
      <Filter>Atlantis\SceneView</Filter>
    </ClCompile>
  </ItemGroup>
  <ItemGroup>
    <None Include="Atlantis\DirectX12\DirectXTex\DirectXTex.inl">
      <Filter>Atlantis\DirectX12\DirectXTex</Filter>
    </None>
    <None Include="cpp.hint" />
  </ItemGroup>
</Project>