<?xml version="1.0" encoding="utf-8"?>
<Project ToolsVersion="4.0" xmlns="http://schemas.microsoft.com/developer/msbuild/2003">
  <ItemGroup>
    <Filter Include="Atlantis">
      <UniqueIdentifier>{0ed26605-d565-48cf-8388-d08bf3eef54c}</UniqueIdentifier>
    </Filter>
    <Filter Include="Atlantis\DirectX12">
      <UniqueIdentifier>{433d9c8f-c073-42fa-b8f7-9fcad3e36c17}</UniqueIdentifier>
    </Filter>
    <Filter Include="Atlantis\DirectX12\MainDevice">
      <UniqueIdentifier>{3acc90e5-69f4-411a-be19-4f924e471edd}</UniqueIdentifier>
    </Filter>
    <Filter Include="Atlantis\DirectX12\Command">
      <UniqueIdentifier>{15584a0c-afae-47e9-bf9a-3471957bb529}</UniqueIdentifier>
    </Filter>
    <Filter Include="Atlantis\DirectX12\SwapChain">
      <UniqueIdentifier>{5d245f43-9cb6-48ac-bd95-4e4a7fbdb781}</UniqueIdentifier>
    </Filter>
    <Filter Include="Atlantis\DirectX12\RenderTargetView">
      <UniqueIdentifier>{46d48479-8c99-4a9e-90f8-29a23e76bb94}</UniqueIdentifier>
    </Filter>
    <Filter Include="Atlantis\DirectX12\Fence">
      <UniqueIdentifier>{10b063a4-a78b-457d-acdd-f80f62eddf0e}</UniqueIdentifier>
    </Filter>
  </ItemGroup>
  <ItemGroup>
    <ClInclude Include="Atlantis\DirectX12\MainDevice\MainDevice.h">
      <Filter>Atlantis\DirectX12\MainDevice</Filter>
    </ClInclude>
    <ClInclude Include="Atlantis\DirectX12\DirectX12BaseDefine.h">
      <Filter>Atlantis\DirectX12</Filter>
    </ClInclude>
    <ClInclude Include="Atlantis\AtlantisBase.h">
      <Filter>Atlantis</Filter>
    </ClInclude>
    <ClInclude Include="Atlantis\AtlantisDefine.h">
      <Filter>Atlantis</Filter>
    </ClInclude>
    <ClInclude Include="Atlantis\DirectX12\Command\CommandContext.h">
      <Filter>Atlantis\DirectX12\Command</Filter>
    </ClInclude>
    <ClInclude Include="Atlantis\DirectX12\Command\CommandQueue.h">
      <Filter>Atlantis\DirectX12\Command</Filter>
    </ClInclude>
    <ClInclude Include="Atlantis\DirectX12\DirectXPaste.h">
      <Filter>Atlantis\DirectX12</Filter>
    </ClInclude>
    <ClInclude Include="Atlantis\DirectX12\SwapChain\SwapChain.h">
      <Filter>Atlantis\DirectX12\SwapChain</Filter>
    </ClInclude>
    <ClInclude Include="Atlantis\DirectX12\RenderTargetView\RenderTargetView.h">
      <Filter>Atlantis\DirectX12\RenderTargetView</Filter>
    </ClInclude>
    <ClInclude Include="Atlantis\DirectX12\Fence\Fence.h">
      <Filter>Atlantis\DirectX12\Fence</Filter>
    </ClInclude>
  </ItemGroup>
  <ItemGroup>
    <ClCompile Include="Atlantis\DirectX12\MainDevice\MainDevice.cpp">
      <Filter>Atlantis\DirectX12\MainDevice</Filter>
    </ClCompile>
    <ClCompile Include="Atlantis\DirectX12\Command\CommandContext.cpp">
      <Filter>Atlantis\DirectX12\Command</Filter>
    </ClCompile>
    <ClCompile Include="Atlantis\DirectX12\Command\CommandQueue.cpp">
      <Filter>Atlantis\DirectX12\Command</Filter>
    </ClCompile>
    <ClCompile Include="Atlantis\DirectX12\DirectXPaste.cpp">
      <Filter>Atlantis\DirectX12</Filter>
    </ClCompile>
    <ClCompile Include="Atlantis\DirectX12\SwapChain\SwapChain.cpp">
      <Filter>Atlantis\DirectX12\SwapChain</Filter>
    </ClCompile>
    <ClCompile Include="Atlantis\DirectX12\RenderTargetView\RenderTargetView.cpp">
      <Filter>Atlantis\DirectX12\RenderTargetView</Filter>
    </ClCompile>
    <ClCompile Include="Atlantis\DirectX12\Fence\Fence.cpp">
      <Filter>Atlantis\DirectX12\Fence</Filter>
    </ClCompile>
  </ItemGroup>
</Project>