<?xml version="1.0" encoding="utf-8"?>
<Project ToolsVersion="4.0" xmlns="http://schemas.microsoft.com/developer/msbuild/2003">
  <ItemGroup>
    <Filter Include="eden">
      <UniqueIdentifier>{f225f8a4-1cb4-4198-b7bf-042dd0832f6a}</UniqueIdentifier>
    </Filter>
    <Filter Include="eden\include">
      <UniqueIdentifier>{7cb74ce7-e2ef-4190-912f-763a267bf894}</UniqueIdentifier>
    </Filter>
    <Filter Include="eden\src">
      <UniqueIdentifier>{ecb4f23e-912c-4825-955d-12c2e7742587}</UniqueIdentifier>
    </Filter>
    <Filter Include="eden\include\template">
      <UniqueIdentifier>{bf95d80b-6ab7-4784-9cbb-e3cfe407283b}</UniqueIdentifier>
    </Filter>
    <Filter Include="eden\include\utility">
      <UniqueIdentifier>{6ff7e88e-1573-46ed-b90e-59572d6da34c}</UniqueIdentifier>
    </Filter>
    <Filter Include="eden\include\system">
      <UniqueIdentifier>{1a7739dd-d628-4a2a-808d-0f0e6fd96be8}</UniqueIdentifier>
    </Filter>
    <Filter Include="eden\include\system\directory">
      <UniqueIdentifier>{ccf3db4d-bcc0-483f-aa95-e6ba2cf778c1}</UniqueIdentifier>
    </Filter>
    <Filter Include="eden\src\system">
      <UniqueIdentifier>{ce20596b-7347-476e-968d-6a803e269f35}</UniqueIdentifier>
    </Filter>
    <Filter Include="eden\src\system\directory">
      <UniqueIdentifier>{3a723458-9a2d-4a98-a6a9-358c5a6cc0c9}</UniqueIdentifier>
    </Filter>
    <Filter Include="eden\include\gadget">
      <UniqueIdentifier>{b769aabf-1dd2-4c19-8f35-30b75f53d2ca}</UniqueIdentifier>
    </Filter>
    <Filter Include="eden\src\gadget">
      <UniqueIdentifier>{81f0a5ac-7fb0-4b9e-a3a7-1c759f685076}</UniqueIdentifier>
    </Filter>
    <Filter Include="eden\include\common">
      <UniqueIdentifier>{c803d99c-1389-41d4-861d-fc1fbd951bb1}</UniqueIdentifier>
    </Filter>
    <Filter Include="eden\include\gadget\timer">
      <UniqueIdentifier>{bda485a3-4712-4822-b1f8-0ec267956e57}</UniqueIdentifier>
    </Filter>
    <Filter Include="eden\src\gadget\timer">
      <UniqueIdentifier>{29b303a3-c789-4a90-8b08-73fb790363ad}</UniqueIdentifier>
    </Filter>
    <Filter Include="eden\include\math">
      <UniqueIdentifier>{e73bf9b2-70f7-4a65-b343-dd7a7388ddc8}</UniqueIdentifier>
    </Filter>
    <Filter Include="eden\include\system\window">
      <UniqueIdentifier>{7fe3a28b-f2f8-4f4d-824d-7b7ed1fb8852}</UniqueIdentifier>
    </Filter>
    <Filter Include="eden\src\system\window">
      <UniqueIdentifier>{13f6f0c0-ad9b-491e-989e-6d94c4cb7b9b}</UniqueIdentifier>
    </Filter>
    <Filter Include="eden\include\system\console">
      <UniqueIdentifier>{2546c253-ad22-4027-afce-f2bd4501885f}</UniqueIdentifier>
    </Filter>
    <Filter Include="eden\src\system\console">
      <UniqueIdentifier>{8aa426e4-de96-473f-a457-3bc1c61468ab}</UniqueIdentifier>
    </Filter>
    <Filter Include="eden\include\system\frame_rate">
      <UniqueIdentifier>{7d965569-0045-4531-921f-469947e6c10f}</UniqueIdentifier>
    </Filter>
    <Filter Include="eden\src\system\frame_rate">
      <UniqueIdentifier>{2b4c8a39-5b31-43d4-9da0-c71654368c4e}</UniqueIdentifier>
    </Filter>
    <Filter Include="eden\src\common">
      <UniqueIdentifier>{369ed044-d3c2-4429-a0f5-0f9d7cd739d6}</UniqueIdentifier>
    </Filter>
    <Filter Include="eden\include\gadget\serializer">
      <UniqueIdentifier>{17ba1af2-4ee0-49fd-8d15-849bc6d86d4f}</UniqueIdentifier>
    </Filter>
    <Filter Include="eden\src\gadget\serializer">
      <UniqueIdentifier>{c52b9025-7005-45dd-bebe-5a878f4da343}</UniqueIdentifier>
    </Filter>
    <Filter Include="eden\include\system\sha1">
      <UniqueIdentifier>{66645c40-3c6f-4487-a52f-264dedcec196}</UniqueIdentifier>
    </Filter>
    <Filter Include="eden\src\system\sha1">
      <UniqueIdentifier>{756b0922-8581-4380-94f9-68540ee1d965}</UniqueIdentifier>
    </Filter>
    <Filter Include="eden\include\system\HashTable">
      <UniqueIdentifier>{963ff738-8ba3-4a35-87f7-d9933bfff3ef}</UniqueIdentifier>
    </Filter>
    <Filter Include="eden\src\system\HashTable">
      <UniqueIdentifier>{e084d9eb-b4df-4e96-b0ce-6c94e1fdf723}</UniqueIdentifier>
    </Filter>
    <Filter Include="eden\include\Resource">
      <UniqueIdentifier>{016ab7dd-7990-4c80-a7cd-74212bf06fde}</UniqueIdentifier>
    </Filter>
    <Filter Include="eden\src\Resource">
      <UniqueIdentifier>{ddbf415b-06ac-4dff-9bc3-c60b9e6708a6}</UniqueIdentifier>
    </Filter>
    <Filter Include="eden\src\system\utility">
      <UniqueIdentifier>{10ecd056-ab07-4705-a0c5-a462b5a58efe}</UniqueIdentifier>
    </Filter>
    <Filter Include="eden\include\gadget\FileLoader">
      <UniqueIdentifier>{a8fefa38-d74a-4d11-8527-0dcf80b484ae}</UniqueIdentifier>
    </Filter>
    <Filter Include="eden\src\gadget\FileLoader">
      <UniqueIdentifier>{42d86ce9-a79c-4e00-89e4-1c65b419b91a}</UniqueIdentifier>
    </Filter>
    <Filter Include="eden\include\Object">
      <UniqueIdentifier>{cdc56473-9bfc-45af-9f58-f69029ed6842}</UniqueIdentifier>
    </Filter>
    <Filter Include="eden\src\Object">
      <UniqueIdentifier>{9011d59a-9b36-41a8-971e-e9df513e3d98}</UniqueIdentifier>
    </Filter>
  </ItemGroup>
  <ItemGroup>
    <ClInclude Include="eden\include\template\singleton.h">
      <Filter>eden\include\template</Filter>
    </ClInclude>
    <ClInclude Include="eden\include\utility\ender_utility.h">
      <Filter>eden\include\utility</Filter>
    </ClInclude>
    <ClInclude Include="eden\include\system\directory\directory_manager.h">
      <Filter>eden\include\system\directory</Filter>
    </ClInclude>
    <ClInclude Include="eden\include\common\types.h">
      <Filter>eden\include\common</Filter>
    </ClInclude>
    <ClInclude Include="eden\eden_define.h">
      <Filter>eden</Filter>
    </ClInclude>
    <ClInclude Include="eden\eden_base.h">
      <Filter>eden</Filter>
    </ClInclude>
    <ClInclude Include="eden\include\gadget\timer\timer.h">
      <Filter>eden\include\gadget\timer</Filter>
    </ClInclude>
    <ClInclude Include="eden\include\math\random_utility.h">
      <Filter>eden\include\math</Filter>
    </ClInclude>
    <ClInclude Include="eden\include\math\math_utility.h">
      <Filter>eden\include\math</Filter>
    </ClInclude>
    <ClInclude Include="eden\include\system\window\window.h">
      <Filter>eden\include\system\window</Filter>
    </ClInclude>
    <ClInclude Include="eden\include\system\console\console_window.h">
      <Filter>eden\include\system\console</Filter>
    </ClInclude>
    <ClInclude Include="eden\include\system\frame_rate\frame_rate_manager.h">
      <Filter>eden\include\system\frame_rate</Filter>
    </ClInclude>
    <ClInclude Include="eden\include\common\print.h">
      <Filter>eden\include\common</Filter>
    </ClInclude>
    <ClInclude Include="eden\include\gadget\serializer\serializer.h">
      <Filter>eden\include\gadget\serializer</Filter>
    </ClInclude>
    <ClInclude Include="eden\include\system\window\window_def.h">
      <Filter>eden\include\system\window</Filter>
    </ClInclude>
    <ClInclude Include="eden\include\template\NonCopyable.h">
      <Filter>eden\include\template</Filter>
    </ClInclude>
    <ClInclude Include="eden\include\system\sha1\sha1.h">
      <Filter>eden\include\system\sha1</Filter>
    </ClInclude>
    <ClInclude Include="eden\include\system\HashTable\HashTable.h">
      <Filter>eden\include\system\HashTable</Filter>
    </ClInclude>
    <ClInclude Include="eden\include\Resource\Resource.h">
      <Filter>eden\include\Resource</Filter>
    </ClInclude>
    <ClInclude Include="eden\include\common\pointer.h">
      <Filter>eden\include\common</Filter>
    </ClInclude>
    <ClInclude Include="eden\include\utility\StringUtility.h">
      <Filter>eden\include\utility</Filter>
    </ClInclude>
    <ClInclude Include="eden\include\gadget\FileLoader\FileLoader.h">
      <Filter>eden\include\gadget\FileLoader</Filter>
    </ClInclude>
    <ClInclude Include="eden\include\Resource\ResourceManager.h">
      <Filter>eden\include\Resource</Filter>
    </ClInclude>
    <ClInclude Include="eden\include\Resource\ResourceInitializer.h">
      <Filter>eden\include\Resource</Filter>
    </ClInclude>
    <ClInclude Include="eden\include\Resource\ResourceManagerPreDefine.h">
      <Filter>eden\include\Resource</Filter>
    </ClInclude>
    <ClInclude Include="eden\include\Resource\ResourceManager.inl">
      <Filter>eden\include\Resource</Filter>
    </ClInclude>
    <ClInclude Include="eden\include\Object\Object.h">
      <Filter>eden\include\Object</Filter>
    </ClInclude>
    <ClInclude Include="eden\include\Object\ObjectDefine.h">
      <Filter>eden\include\Object</Filter>
    </ClInclude>
  </ItemGroup>
  <ItemGroup>
    <ClCompile Include="eden\src\system\directory\directory_manager.cpp">
      <Filter>eden\src\system\directory</Filter>
    </ClCompile>
    <ClCompile Include="eden\src\gadget\timer\timer.cpp">
      <Filter>eden\src\gadget\timer</Filter>
    </ClCompile>
    <ClCompile Include="eden\src\system\window\window.cpp">
      <Filter>eden\src\system\window</Filter>
    </ClCompile>
    <ClCompile Include="eden\src\system\console\console_window.cpp">
      <Filter>eden\src\system\console</Filter>
    </ClCompile>
    <ClCompile Include="eden\src\system\frame_rate\frame_rate_manager.cpp">
      <Filter>eden\src\system\frame_rate</Filter>
    </ClCompile>
    <ClCompile Include="eden\src\common\print.cpp">
      <Filter>eden\src\common</Filter>
    </ClCompile>
    <ClCompile Include="eden\src\gadget\serializer\serializer.cpp">
      <Filter>eden\src\gadget\serializer</Filter>
    </ClCompile>
    <ClCompile Include="eden\src\system\sha1\sha1.cpp">
      <Filter>eden\src\system\sha1</Filter>
    </ClCompile>
    <ClCompile Include="eden\src\system\HashTable\HashTable.cpp">
      <Filter>eden\src\system\HashTable</Filter>
    </ClCompile>
    <ClCompile Include="eden\src\Resource\Resource.cpp">
      <Filter>eden\src\Resource</Filter>
    </ClCompile>
    <ClCompile Include="eden\src\utility\StringUtility.cpp">
      <Filter>eden\src\system\utility</Filter>
    </ClCompile>
    <ClCompile Include="eden\src\Resource\ResourceManager.cpp">
      <Filter>eden\src\Resource</Filter>
    </ClCompile>
    <ClCompile Include="eden\src\gadget\FileLoader\FileLoader.cpp">
      <Filter>eden\src\gadget\FileLoader</Filter>
    </ClCompile>
    <ClCompile Include="eden\src\Object\Object.cpp">
      <Filter>eden\src\Object</Filter>
    </ClCompile>
  </ItemGroup>
  <ItemGroup>
    <Text Include="eden\include\math\random_uitility.inl">
      <Filter>eden\include\math</Filter>
    </Text>
    <Text Include="eden\include\math\math_utility.inl">
      <Filter>eden\include\math</Filter>
    </Text>
  </ItemGroup>
</Project>