<?xml version="1.0" encoding="utf-8"?>
<Project ToolsVersion="4.0" xmlns="http://schemas.microsoft.com/developer/msbuild/2003">
  <ItemGroup>
    <Filter Include="Bifrost">
      <UniqueIdentifier>{b530f880-33ca-4af4-9606-5d404c946e37}</UniqueIdentifier>
    </Filter>
    <Filter Include="Bifrost\Model">
      <UniqueIdentifier>{13d644a3-f835-4746-9150-3e496b6afdf4}</UniqueIdentifier>
    </Filter>
    <Filter Include="Bifrost\Subsystem">
      <UniqueIdentifier>{652cda6a-9ba7-4ebe-bce8-d72751b6a8fd}</UniqueIdentifier>
    </Filter>
    <Filter Include="Bifrost\Utility">
      <UniqueIdentifier>{dbbe28d8-36c0-47ce-88e2-6e7db425dd7b}</UniqueIdentifier>
    </Filter>
    <Filter Include="Bifrost\Model\MeshData">
      <UniqueIdentifier>{3aae4206-c3fc-464e-8473-c7fce4b20a45}</UniqueIdentifier>
    </Filter>
    <Filter Include="Bifrost\Model\Pmd">
      <UniqueIdentifier>{c07e1ecb-3f00-4504-bd11-2dd73ea87570}</UniqueIdentifier>
    </Filter>
    <Filter Include="Bifrost\Subsystem\Dominator">
      <UniqueIdentifier>{d6e0dbe7-7d43-462d-9d50-ff38fade0119}</UniqueIdentifier>
    </Filter>
    <Filter Include="Bifrost\Subsystem\Resource">
      <UniqueIdentifier>{3b58b748-5b37-48d6-bd5a-167662c1ee12}</UniqueIdentifier>
    </Filter>
    <Filter Include="Bifrost\Subsystem\ServiceLocator">
      <UniqueIdentifier>{34f0e0a9-20eb-4b9f-bf6b-69dd5f48f0f3}</UniqueIdentifier>
    </Filter>
    <Filter Include="Bifrost\Resource">
      <UniqueIdentifier>{f90b13b6-0128-4456-a854-bb720db30f47}</UniqueIdentifier>
    </Filter>
    <Filter Include="Bifrost\Resource\Texture">
      <UniqueIdentifier>{85231bc1-8008-435d-a157-72deb5ef1c0e}</UniqueIdentifier>
    </Filter>
    <Filter Include="Bifrost\Resource\Manager">
      <UniqueIdentifier>{fce8f0ca-b4be-4ddc-bfa0-6cdc6f7434ab}</UniqueIdentifier>
    </Filter>
    <Filter Include="Bifrost\Resource\Material">
      <UniqueIdentifier>{d2a557df-b3a3-441b-8299-89826288773c}</UniqueIdentifier>
    </Filter>
    <Filter Include="Bifrost\Resource\PSO">
      <UniqueIdentifier>{27a4e46f-18b1-4c72-8200-55087b0c3076}</UniqueIdentifier>
    </Filter>
    <Filter Include="Bifrost\Model\Component">
      <UniqueIdentifier>{5dc81673-ec8a-48d5-9f9e-31ff0f7ddc57}</UniqueIdentifier>
    </Filter>
    <Filter Include="Bifrost\Actor">
      <UniqueIdentifier>{d44b28bd-f32c-4229-a17e-97aeed4be7ea}</UniqueIdentifier>
    </Filter>
    <Filter Include="Bifrost\Component">
      <UniqueIdentifier>{6f655bd2-36a2-4e1e-9982-9c92ac24c2f0}</UniqueIdentifier>
    </Filter>
    <Filter Include="Bifrost\Subsystem\Updater">
      <UniqueIdentifier>{7d028577-5e9e-4937-b743-fd0cfbb6ac26}</UniqueIdentifier>
    </Filter>
    <Filter Include="Bifrost\Subsystem\Rendering">
      <UniqueIdentifier>{e39c3ab0-8787-47c9-8031-fca93dbff4b8}</UniqueIdentifier>
    </Filter>
    <Filter Include="Bifrost\Subsystem\Rendering\RenderingQueue">
      <UniqueIdentifier>{6de7acf1-a574-42bd-be15-0dca8a0dc83d}</UniqueIdentifier>
    </Filter>
  </ItemGroup>
  <ItemGroup>
    <ClInclude Include="Bifrost\BifrostBase.h">
      <Filter>Bifrost</Filter>
    </ClInclude>
    <ClInclude Include="Bifrost\BifrostDefine.h">
      <Filter>Bifrost</Filter>
    </ClInclude>
    <ClInclude Include="Bifrost\Model\MeshData\MeshData.h">
      <Filter>Bifrost\Model\MeshData</Filter>
    </ClInclude>
    <ClInclude Include="Bifrost\Model\MeshData\MeshDataInitializer.h">
      <Filter>Bifrost\Model\MeshData</Filter>
    </ClInclude>
    <ClInclude Include="Bifrost\Model\Pmd\PmdMaterialData.h">
      <Filter>Bifrost\Model\Pmd</Filter>
    </ClInclude>
    <ClInclude Include="Bifrost\Model\Pmd\PmdParser.h">
      <Filter>Bifrost\Model\Pmd</Filter>
    </ClInclude>
    <ClInclude Include="Bifrost\Subsystem\Dominator\SubsystemDominator.h">
      <Filter>Bifrost\Subsystem\Dominator</Filter>
    </ClInclude>
    <ClInclude Include="Bifrost\Subsystem\ServiceLocator\SubsystemServiceLocator.h">
      <Filter>Bifrost\Subsystem\ServiceLocator</Filter>
    </ClInclude>
    <ClInclude Include="Bifrost\Subsystem\Resource\ResourceManagementSubsystem.h">
      <Filter>Bifrost\Subsystem\Resource</Filter>
    </ClInclude>
    <ClInclude Include="Bifrost\Subsystem\Resource\ResourceSubsystemInterface.h">
      <Filter>Bifrost\Subsystem\Resource</Filter>
    </ClInclude>
    <ClInclude Include="Bifrost\Model\Pmd\PmdPreDefine.h">
      <Filter>Bifrost\Model\Pmd</Filter>
    </ClInclude>
    <ClInclude Include="Bifrost\Resource\DefaultResourceDefine.h">
      <Filter>Bifrost\Resource</Filter>
    </ClInclude>
    <ClInclude Include="Bifrost\Model\Pmd\PmdMaterialDataInitializer.h">
      <Filter>Bifrost\Model\Pmd</Filter>
    </ClInclude>
    <ClInclude Include="Bifrost\Resource\Texture\FileLoadTexture.h">
      <Filter>Bifrost\Resource\Texture</Filter>
    </ClInclude>
    <ClInclude Include="Bifrost\Resource\Manager\MeshDataManager.h">
      <Filter>Bifrost\Resource\Manager</Filter>
    </ClInclude>
    <ClInclude Include="Bifrost\Model\Pmd\PmdMaterialResource.h">
      <Filter>Bifrost\Model\Pmd</Filter>
    </ClInclude>
    <ClInclude Include="Bifrost\Model\Pmd\PmdMaterialDefine.h">
      <Filter>Bifrost\Model\Pmd</Filter>
    </ClInclude>
    <ClInclude Include="Bifrost\Model\Pmd\PmdMaterialResourceInitializer.h">
      <Filter>Bifrost\Model\Pmd</Filter>
    </ClInclude>
    <ClInclude Include="Bifrost\Resource\Material\MaterialInitializerBase.h">
      <Filter>Bifrost\Resource\Material</Filter>
    </ClInclude>
    <ClInclude Include="Bifrost\Resource\Manager\MaterialManager.h">
      <Filter>Bifrost\Resource\Manager</Filter>
    </ClInclude>
    <ClInclude Include="Bifrost\Resource\Manager\PipelineStateObjectManager.h">
      <Filter>Bifrost\Resource\Manager</Filter>
    </ClInclude>
    <ClInclude Include="Bifrost\Resource\PSO\PipelineStateObject.h">
      <Filter>Bifrost\Resource\PSO</Filter>
    </ClInclude>
    <ClInclude Include="Bifrost\Resource\PSO\PipelineStateObjectInitializer.h">
      <Filter>Bifrost\Resource\PSO</Filter>
    </ClInclude>
    <ClInclude Include="Bifrost\Model\Component\PmdModelComponent.h">
      <Filter>Bifrost\Model\Component</Filter>
    </ClInclude>
    <ClInclude Include="Bifrost\Actor\Actor.h">
      <Filter>Bifrost\Actor</Filter>
    </ClInclude>
    <ClInclude Include="Bifrost\Actor\ActorManager.h">
      <Filter>Bifrost\Actor</Filter>
    </ClInclude>
    <ClInclude Include="Bifrost\Component\Component.h">
      <Filter>Bifrost\Component</Filter>
    </ClInclude>
    <ClInclude Include="Bifrost\Component\ComponentInitializer.h">
      <Filter>Bifrost\Component</Filter>
    </ClInclude>
    <ClInclude Include="Bifrost\Subsystem\Updater\UpdateProcessor.h">
      <Filter>Bifrost\Subsystem\Updater</Filter>
    </ClInclude>
    <ClInclude Include="Bifrost\Subsystem\Updater\UpdateProcessData.h">
      <Filter>Bifrost\Subsystem\Updater</Filter>
    </ClInclude>
    <ClInclude Include="Bifrost\Subsystem\Updater\UpdateProcessorSubsystem.h">
      <Filter>Bifrost\Subsystem\Updater</Filter>
    </ClInclude>
    <ClInclude Include="Bifrost\Subsystem\Updater\UpdateGroupDefine.h">
      <Filter>Bifrost\Subsystem\Updater</Filter>
    </ClInclude>
    <ClInclude Include="Bifrost\Model\Component\PmdModelComponentInitializer.h">
      <Filter>Bifrost\Model\Component</Filter>
    </ClInclude>
    <ClInclude Include="Bifrost\Component\RenderingComponent.h">
      <Filter>Bifrost\Component</Filter>
    </ClInclude>
    <ClInclude Include="Bifrost\Subsystem\Rendering\RenderingSubsystem.h">
      <Filter>Bifrost\Subsystem\Rendering</Filter>
    </ClInclude>
    <ClInclude Include="Bifrost\Subsystem\Rendering\RenderingQueue\RenderingQueue.h">
      <Filter>Bifrost\Subsystem\Rendering\RenderingQueue</Filter>
    </ClInclude>
    <ClInclude Include="Bifrost\Subsystem\Rendering\RenderingQueue\RenderingQueueInitializer.h">
      <Filter>Bifrost\Subsystem\Rendering\RenderingQueue</Filter>
    </ClInclude>
    <ClInclude Include="Bifrost\Subsystem\Rendering\RenderGroupDefine.h">
      <Filter>Bifrost\Subsystem\Rendering</Filter>
    </ClInclude>
    <ClInclude Include="Bifrost\Subsystem\Rendering\RenderingSubsystemInitializer.h">
      <Filter>Bifrost\Subsystem\Rendering</Filter>
    </ClInclude>
  </ItemGroup>
  <ItemGroup>
    <ClCompile Include="Bifrost\Model\MeshData\MeshData.cpp">
      <Filter>Bifrost\Model\MeshData</Filter>
    </ClCompile>
    <ClCompile Include="Bifrost\Model\Pmd\PmdMaterialData.cpp">
      <Filter>Bifrost\Model\Pmd</Filter>
    </ClCompile>
    <ClCompile Include="Bifrost\Model\Pmd\PmdParser.cpp">
      <Filter>Bifrost\Model\Pmd</Filter>
    </ClCompile>
    <ClCompile Include="Bifrost\Subsystem\Dominator\SubsystemDominator.cpp">
      <Filter>Bifrost\Subsystem\Dominator</Filter>
    </ClCompile>
    <ClCompile Include="Bifrost\Subsystem\ServiceLocator\SubsystemServiceLocator.cpp">
      <Filter>Bifrost\Subsystem\ServiceLocator</Filter>
    </ClCompile>
    <ClCompile Include="Bifrost\Subsystem\Resource\ResourceManagementSubsystem.cpp">
      <Filter>Bifrost\Subsystem\Resource</Filter>
    </ClCompile>
    <ClCompile Include="Bifrost\Subsystem\Resource\ResourceSubsystemInterface.cpp">
      <Filter>Bifrost\Subsystem\Resource</Filter>
    </ClCompile>
    <ClCompile Include="Bifrost\Resource\Texture\FileLoadTexture.cpp">
      <Filter>Bifrost\Resource\Texture</Filter>
    </ClCompile>
    <ClCompile Include="Bifrost\Resource\Manager\MeshDataManager.cpp">
      <Filter>Bifrost\Resource\Manager</Filter>
    </ClCompile>
    <ClCompile Include="Bifrost\Model\Pmd\PmdMaterialResource.cpp">
      <Filter>Bifrost\Model\Pmd</Filter>
    </ClCompile>
    <ClCompile Include="Bifrost\Resource\Manager\MaterialManager.cpp">
      <Filter>Bifrost\Resource\Manager</Filter>
    </ClCompile>
    <ClCompile Include="Bifrost\Resource\Manager\PipelineStateObjectManager.cpp">
      <Filter>Bifrost\Resource\Manager</Filter>
    </ClCompile>
    <ClCompile Include="Bifrost\Resource\PSO\PipelineStateObject.cpp">
      <Filter>Bifrost\Resource\PSO</Filter>
    </ClCompile>
    <ClCompile Include="Bifrost\Model\Component\PmdModelComponent.cpp">
      <Filter>Bifrost\Model\Component</Filter>
    </ClCompile>
    <ClCompile Include="Bifrost\Actor\Actor.cpp">
      <Filter>Bifrost\Actor</Filter>
    </ClCompile>
    <ClCompile Include="Bifrost\Actor\ActorManager.cpp">
      <Filter>Bifrost\Actor</Filter>
    </ClCompile>
    <ClCompile Include="Bifrost\Component\Component.cpp">
      <Filter>Bifrost\Component</Filter>
    </ClCompile>
    <ClCompile Include="Bifrost\Subsystem\Updater\UpdateProcessor.cpp">
      <Filter>Bifrost\Subsystem\Updater</Filter>
    </ClCompile>
    <ClCompile Include="Bifrost\Subsystem\Updater\UpdateProcessorSubsystem.cpp">
      <Filter>Bifrost\Subsystem\Updater</Filter>
    </ClCompile>
    <ClCompile Include="Bifrost\Component\RenderingComponent.cpp">
      <Filter>Bifrost\Component</Filter>
    </ClCompile>
    <ClCompile Include="Bifrost\Subsystem\Rendering\RenderingSubsystem.cpp">
      <Filter>Bifrost\Subsystem\Rendering</Filter>
    </ClCompile>
    <ClCompile Include="Bifrost\Subsystem\Rendering\RenderingQueue\RenderingQueue.cpp">
      <Filter>Bifrost\Subsystem\Rendering\RenderingQueue</Filter>
    </ClCompile>
  </ItemGroup>
  <ItemGroup>
    <None Include="Bifrost\Subsystem\Resource\ResourceManagementSubsystem.inl">
      <Filter>Bifrost\Subsystem\Resource</Filter>
    </None>
  </ItemGroup>
</Project>