<?xml version="1.0" encoding="utf-8"?>
<Project ToolsVersion="4.0" xmlns="http://schemas.microsoft.com/developer/msbuild/2003">
  <ItemGroup>
    <Filter Include="Bifrost">
      <UniqueIdentifier>{b530f880-33ca-4af4-9606-5d404c946e37}</UniqueIdentifier>
    </Filter>
    <Filter Include="Bifrost\Model">
      <UniqueIdentifier>{13d644a3-f835-4746-9150-3e496b6afdf4}</UniqueIdentifier>
    </Filter>
    <Filter Include="Bifrost\Subsystem">
      <UniqueIdentifier>{652cda6a-9ba7-4ebe-bce8-d72751b6a8fd}</UniqueIdentifier>
    </Filter>
    <Filter Include="Bifrost\Model\MeshData">
      <UniqueIdentifier>{3aae4206-c3fc-464e-8473-c7fce4b20a45}</UniqueIdentifier>
    </Filter>
    <Filter Include="Bifrost\Model\Pmd">
      <UniqueIdentifier>{c07e1ecb-3f00-4504-bd11-2dd73ea87570}</UniqueIdentifier>
    </Filter>
    <Filter Include="Bifrost\Subsystem\Dominator">
      <UniqueIdentifier>{d6e0dbe7-7d43-462d-9d50-ff38fade0119}</UniqueIdentifier>
    </Filter>
    <Filter Include="Bifrost\Subsystem\Resource">
      <UniqueIdentifier>{3b58b748-5b37-48d6-bd5a-167662c1ee12}</UniqueIdentifier>
    </Filter>
    <Filter Include="Bifrost\Subsystem\ServiceLocator">
      <UniqueIdentifier>{34f0e0a9-20eb-4b9f-bf6b-69dd5f48f0f3}</UniqueIdentifier>
    </Filter>
    <Filter Include="Bifrost\Resource">
      <UniqueIdentifier>{f90b13b6-0128-4456-a854-bb720db30f47}</UniqueIdentifier>
    </Filter>
    <Filter Include="Bifrost\Resource\Texture">
      <UniqueIdentifier>{85231bc1-8008-435d-a157-72deb5ef1c0e}</UniqueIdentifier>
    </Filter>
    <Filter Include="Bifrost\Resource\Manager">
      <UniqueIdentifier>{fce8f0ca-b4be-4ddc-bfa0-6cdc6f7434ab}</UniqueIdentifier>
    </Filter>
    <Filter Include="Bifrost\Resource\Material">
      <UniqueIdentifier>{d2a557df-b3a3-441b-8299-89826288773c}</UniqueIdentifier>
    </Filter>
    <Filter Include="Bifrost\Resource\PSO">
      <UniqueIdentifier>{27a4e46f-18b1-4c72-8200-55087b0c3076}</UniqueIdentifier>
    </Filter>
    <Filter Include="Bifrost\Actor">
      <UniqueIdentifier>{d44b28bd-f32c-4229-a17e-97aeed4be7ea}</UniqueIdentifier>
    </Filter>
    <Filter Include="Bifrost\Component">
      <UniqueIdentifier>{6f655bd2-36a2-4e1e-9982-9c92ac24c2f0}</UniqueIdentifier>
    </Filter>
    <Filter Include="Bifrost\Subsystem\Updater">
      <UniqueIdentifier>{7d028577-5e9e-4937-b743-fd0cfbb6ac26}</UniqueIdentifier>
    </Filter>
    <Filter Include="Bifrost\Subsystem\Rendering">
      <UniqueIdentifier>{e39c3ab0-8787-47c9-8031-fca93dbff4b8}</UniqueIdentifier>
    </Filter>
    <Filter Include="Bifrost\Subsystem\Rendering\RenderingQueue">
      <UniqueIdentifier>{6de7acf1-a574-42bd-be15-0dca8a0dc83d}</UniqueIdentifier>
    </Filter>
    <Filter Include="Bifrost\Subsystem\Updater\OnceExecuter">
      <UniqueIdentifier>{ce949bcd-05b4-4e65-9ced-169b089e47a3}</UniqueIdentifier>
    </Filter>
    <Filter Include="Bifrost\Component\Pmd">
      <UniqueIdentifier>{81af2654-11ce-4c77-8949-969f8171cca3}</UniqueIdentifier>
    </Filter>
    <Filter Include="Bifrost\Component\Transform">
      <UniqueIdentifier>{448d9bc5-6d34-457b-9ec1-29e6e6a28f0d}</UniqueIdentifier>
    </Filter>
    <Filter Include="Bifrost\Subsystem\Actor">
      <UniqueIdentifier>{5b382294-276f-4bb5-a67e-981c0e450a90}</UniqueIdentifier>
    </Filter>
    <Filter Include="Bifrost\Component\LightComponent">
      <UniqueIdentifier>{7cab709c-ca5c-4b4a-b50c-58c5d46df989}</UniqueIdentifier>
    </Filter>
    <Filter Include="Bifrost\Actor\CameraActor">
      <UniqueIdentifier>{e31dc667-5e54-4172-a824-e303487b5484}</UniqueIdentifier>
    </Filter>
    <Filter Include="Bifrost\Component\CameraComponent">
      <UniqueIdentifier>{ef3b6a42-9d1f-4de9-89cd-cdb1e9fb79d7}</UniqueIdentifier>
    </Filter>
    <Filter Include="Bifrost\Subsystem\Camera">
      <UniqueIdentifier>{bf72e782-461d-431d-b5ed-32c305bfd7fa}</UniqueIdentifier>
    </Filter>
    <Filter Include="Bifrost\Subsystem\Light">
      <UniqueIdentifier>{0a515d75-2c1a-42d5-b210-165ea946a5e7}</UniqueIdentifier>
    </Filter>
    <Filter Include="Bifrost\Actor\LightActor">
      <UniqueIdentifier>{bf8f7684-0104-4542-960c-44967584e093}</UniqueIdentifier>
    </Filter>
    <Filter Include="Bifrost\Model\Vmd">
      <UniqueIdentifier>{5d62df32-ba35-4ac5-8983-bf066a4b275a}</UniqueIdentifier>
    </Filter>
    <Filter Include="Bifrost\Resource\Motion">
      <UniqueIdentifier>{706a2119-dc2b-4355-9424-4ac2dafefaa0}</UniqueIdentifier>
    </Filter>
    <Filter Include="Bifrost\Subsystem\SubsystemBase">
      <UniqueIdentifier>{a1d7b683-d4e8-477b-8bba-518856b81369}</UniqueIdentifier>
    </Filter>
    <Filter Include="Bifrost\Subsystem\UpdateInterval">
      <UniqueIdentifier>{800b0c19-102a-45f8-a83e-1879e924e9f9}</UniqueIdentifier>
    </Filter>
    <Filter Include="Bifrost\Level">
      <UniqueIdentifier>{999be2a0-908f-4d1b-850a-4b724f1361a2}</UniqueIdentifier>
    </Filter>
    <Filter Include="Bifrost\Component\Rendering">
      <UniqueIdentifier>{7c24fb02-21e2-4817-a978-d442d90b9ad2}</UniqueIdentifier>
    </Filter>
    <Filter Include="Bifrost\Component\Rendering\ModelRendering">
      <UniqueIdentifier>{fe7de423-4fc8-48f2-be1c-224705a1ef77}</UniqueIdentifier>
    </Filter>
  </ItemGroup>
  <ItemGroup>
    <ClInclude Include="Bifrost\BifrostBase.h">
      <Filter>Bifrost</Filter>
    </ClInclude>
    <ClInclude Include="Bifrost\BifrostDefine.h">
      <Filter>Bifrost</Filter>
    </ClInclude>
    <ClInclude Include="Bifrost\Model\MeshData\MeshData.h">
      <Filter>Bifrost\Model\MeshData</Filter>
    </ClInclude>
    <ClInclude Include="Bifrost\Model\MeshData\MeshDataInitializer.h">
      <Filter>Bifrost\Model\MeshData</Filter>
    </ClInclude>
    <ClInclude Include="Bifrost\Model\Pmd\PmdMaterialData.h">
      <Filter>Bifrost\Model\Pmd</Filter>
    </ClInclude>
    <ClInclude Include="Bifrost\Model\Pmd\PmdParser.h">
      <Filter>Bifrost\Model\Pmd</Filter>
    </ClInclude>
    <ClInclude Include="Bifrost\Subsystem\Dominator\SubsystemDominator.h">
      <Filter>Bifrost\Subsystem\Dominator</Filter>
    </ClInclude>
    <ClInclude Include="Bifrost\Subsystem\ServiceLocator\SubsystemServiceLocator.h">
      <Filter>Bifrost\Subsystem\ServiceLocator</Filter>
    </ClInclude>
    <ClInclude Include="Bifrost\Subsystem\Resource\ResourceManagementSubsystem.h">
      <Filter>Bifrost\Subsystem\Resource</Filter>
    </ClInclude>
    <ClInclude Include="Bifrost\Subsystem\Resource\ResourceSubsystemInterface.h">
      <Filter>Bifrost\Subsystem\Resource</Filter>
    </ClInclude>
    <ClInclude Include="Bifrost\Model\Pmd\PmdPreDefine.h">
      <Filter>Bifrost\Model\Pmd</Filter>
    </ClInclude>
    <ClInclude Include="Bifrost\Resource\DefaultResourceDefine.h">
      <Filter>Bifrost\Resource</Filter>
    </ClInclude>
    <ClInclude Include="Bifrost\Model\Pmd\PmdMaterialDataInitializer.h">
      <Filter>Bifrost\Model\Pmd</Filter>
    </ClInclude>
    <ClInclude Include="Bifrost\Resource\Texture\FileLoadTexture.h">
      <Filter>Bifrost\Resource\Texture</Filter>
    </ClInclude>
    <ClInclude Include="Bifrost\Resource\Manager\MeshDataManager.h">
      <Filter>Bifrost\Resource\Manager</Filter>
    </ClInclude>
    <ClInclude Include="Bifrost\Model\Pmd\PmdMaterialResource.h">
      <Filter>Bifrost\Model\Pmd</Filter>
    </ClInclude>
    <ClInclude Include="Bifrost\Model\Pmd\PmdMaterialDefine.h">
      <Filter>Bifrost\Model\Pmd</Filter>
    </ClInclude>
    <ClInclude Include="Bifrost\Model\Pmd\PmdMaterialResourceInitializer.h">
      <Filter>Bifrost\Model\Pmd</Filter>
    </ClInclude>
    <ClInclude Include="Bifrost\Resource\Material\MaterialInitializerBase.h">
      <Filter>Bifrost\Resource\Material</Filter>
    </ClInclude>
    <ClInclude Include="Bifrost\Resource\Manager\MaterialManager.h">
      <Filter>Bifrost\Resource\Manager</Filter>
    </ClInclude>
    <ClInclude Include="Bifrost\Resource\Manager\PipelineStateObjectManager.h">
      <Filter>Bifrost\Resource\Manager</Filter>
    </ClInclude>
    <ClInclude Include="Bifrost\Resource\PSO\PipelineStateObject.h">
      <Filter>Bifrost\Resource\PSO</Filter>
    </ClInclude>
    <ClInclude Include="Bifrost\Resource\PSO\PipelineStateObjectInitializer.h">
      <Filter>Bifrost\Resource\PSO</Filter>
    </ClInclude>
    <ClInclude Include="Bifrost\Actor\Actor.h">
      <Filter>Bifrost\Actor</Filter>
    </ClInclude>
    <ClInclude Include="Bifrost\Actor\ActorManager.h">
      <Filter>Bifrost\Actor</Filter>
    </ClInclude>
    <ClInclude Include="Bifrost\Component\Component.h">
      <Filter>Bifrost\Component</Filter>
    </ClInclude>
    <ClInclude Include="Bifrost\Component\ComponentInitializer.h">
      <Filter>Bifrost\Component</Filter>
    </ClInclude>
    <ClInclude Include="Bifrost\Subsystem\Updater\UpdateProcessor.h">
      <Filter>Bifrost\Subsystem\Updater</Filter>
    </ClInclude>
    <ClInclude Include="Bifrost\Subsystem\Updater\UpdateProcessData.h">
      <Filter>Bifrost\Subsystem\Updater</Filter>
    </ClInclude>
    <ClInclude Include="Bifrost\Subsystem\Updater\UpdateProcessorSubsystem.h">
      <Filter>Bifrost\Subsystem\Updater</Filter>
    </ClInclude>
    <ClInclude Include="Bifrost\Subsystem\Updater\UpdateGroupDefine.h">
      <Filter>Bifrost\Subsystem\Updater</Filter>
    </ClInclude>
    <ClInclude Include="Bifrost\Subsystem\Rendering\RenderingSubsystem.h">
      <Filter>Bifrost\Subsystem\Rendering</Filter>
    </ClInclude>
    <ClInclude Include="Bifrost\Subsystem\Rendering\RenderingQueue\RenderingQueue.h">
      <Filter>Bifrost\Subsystem\Rendering\RenderingQueue</Filter>
    </ClInclude>
    <ClInclude Include="Bifrost\Subsystem\Rendering\RenderingQueue\RenderingQueueInitializer.h">
      <Filter>Bifrost\Subsystem\Rendering\RenderingQueue</Filter>
    </ClInclude>
    <ClInclude Include="Bifrost\Subsystem\Rendering\RenderGroupDefine.h">
      <Filter>Bifrost\Subsystem\Rendering</Filter>
    </ClInclude>
    <ClInclude Include="Bifrost\Subsystem\Rendering\RenderingSubsystemInitializer.h">
      <Filter>Bifrost\Subsystem\Rendering</Filter>
    </ClInclude>
    <ClInclude Include="Bifrost\Subsystem\Updater\OnceExecuter\OnceExecuteProcessor.h">
      <Filter>Bifrost\Subsystem\Updater\OnceExecuter</Filter>
    </ClInclude>
    <ClInclude Include="Bifrost\Subsystem\Updater\OnceExecuter\OnceExecuteProcessorDefine.h">
      <Filter>Bifrost\Subsystem\Updater\OnceExecuter</Filter>
    </ClInclude>
    <ClInclude Include="Bifrost\Subsystem\Updater\UpdateObjectType.h">
      <Filter>Bifrost\Subsystem\Updater</Filter>
    </ClInclude>
    <ClInclude Include="Bifrost\Subsystem\Updater\OnceExecuteGroup.h">
      <Filter>Bifrost\Subsystem\Updater</Filter>
    </ClInclude>
    <ClInclude Include="Bifrost\Component\Pmd\PmdModelComponent.h">
      <Filter>Bifrost\Component\Pmd</Filter>
    </ClInclude>
    <ClInclude Include="Bifrost\Component\Pmd\PmdModelComponentInitializer.h">
      <Filter>Bifrost\Component\Pmd</Filter>
    </ClInclude>
    <ClInclude Include="Bifrost\Component\Transform\TransformComponent.h">
      <Filter>Bifrost\Component\Transform</Filter>
    </ClInclude>
    <ClInclude Include="Bifrost\Component\Transform\TransformDefine.h">
      <Filter>Bifrost\Component\Transform</Filter>
    </ClInclude>
    <ClInclude Include="Bifrost\Actor\ActorInitializerBase.h">
      <Filter>Bifrost\Actor</Filter>
    </ClInclude>
    <ClInclude Include="Bifrost\Actor\ActorManager.inl">
      <Filter>Bifrost\Actor</Filter>
    </ClInclude>
    <ClInclude Include="Bifrost\Subsystem\Actor\ActorSubsystem.h">
      <Filter>Bifrost\Subsystem\Actor</Filter>
    </ClInclude>
    <ClInclude Include="Bifrost\Subsystem\Actor\ActorSubsystemI.inl">
      <Filter>Bifrost\Subsystem\Actor</Filter>
    </ClInclude>
    <ClInclude Include="Bifrost\Actor\Actor.inl">
      <Filter>Bifrost\Actor</Filter>
    </ClInclude>
    <ClInclude Include="Bifrost\Component\Light\LightComponent.h">
      <Filter>Bifrost\Component\LightComponent</Filter>
    </ClInclude>
    <ClInclude Include="Bifrost\Actor\CameraActor\CameraActor.h">
      <Filter>Bifrost\Actor\CameraActor</Filter>
    </ClInclude>
    <ClInclude Include="Bifrost\Component\Camera\CameraComponent.h">
      <Filter>Bifrost\Component\CameraComponent</Filter>
    </ClInclude>
    <ClInclude Include="Bifrost\Subsystem\Camera\CameraSubsystem.h">
      <Filter>Bifrost\Subsystem\Camera</Filter>
    </ClInclude>
    <ClInclude Include="Bifrost\Component\ComponentManager.h">
      <Filter>Bifrost\Component</Filter>
    </ClInclude>
    <ClInclude Include="Bifrost\Component\ComponentManager.inl">
      <Filter>Bifrost\Component</Filter>
    </ClInclude>
    <ClInclude Include="Bifrost\Component\Camera\CameraComponentManager.h">
      <Filter>Bifrost\Component\CameraComponent</Filter>
    </ClInclude>
    <ClInclude Include="Bifrost\Component\ComponentManagerHandleBase.h">
      <Filter>Bifrost\Component</Filter>
    </ClInclude>
    <ClInclude Include="Bifrost\Component\Camera\CameraComponentHandle.h">
      <Filter>Bifrost\Component\CameraComponent</Filter>
    </ClInclude>
    <ClInclude Include="Bifrost\Component\Light\LightComponentManager.h">
      <Filter>Bifrost\Component\LightComponent</Filter>
    </ClInclude>
    <ClInclude Include="Bifrost\Component\Light\LightComponentHandle.h">
      <Filter>Bifrost\Component\LightComponent</Filter>
    </ClInclude>
    <ClInclude Include="Bifrost\Subsystem\Light\LightSubsystem.h">
      <Filter>Bifrost\Subsystem\Light</Filter>
    </ClInclude>
    <ClInclude Include="Bifrost\Actor\LightActor\LightActor.h">
      <Filter>Bifrost\Actor\LightActor</Filter>
    </ClInclude>
    <ClInclude Include="Bifrost\Model\Pmd\PmdSkeleton.h">
      <Filter>Bifrost\Model\Pmd</Filter>
    </ClInclude>
    <ClInclude Include="Bifrost\Model\Pmd\PmdSkeletonInitializer.h">
      <Filter>Bifrost\Model\Pmd</Filter>
    </ClInclude>
    <ClInclude Include="Bifrost\Model\Pmd\PmdSkeletonDefine.h">
      <Filter>Bifrost\Model\Pmd</Filter>
    </ClInclude>
    <ClInclude Include="Bifrost\Model\Vmd\VmdParser.h">
      <Filter>Bifrost\Model\Vmd</Filter>
    </ClInclude>
    <ClInclude Include="Bifrost\Model\Vmd\VmdDefine.h">
      <Filter>Bifrost\Model\Vmd</Filter>
    </ClInclude>
    <ClInclude Include="Bifrost\Resource\Motion\VmdMotionResource.h">
      <Filter>Bifrost\Resource\Motion</Filter>
    </ClInclude>
    <ClInclude Include="Bifrost\Resource\Manager\MotionResourceManager.h">
      <Filter>Bifrost\Resource\Manager</Filter>
    </ClInclude>
    <ClInclude Include="Bifrost\Resource\Motion\VmdMotionResourceInitializer.h">
      <Filter>Bifrost\Resource\Motion</Filter>
    </ClInclude>
    <ClInclude Include="Bifrost\Resource\Motion\MotionResourceInitializer.h">
      <Filter>Bifrost\Resource\Motion</Filter>
    </ClInclude>
    <ClInclude Include="Bifrost\Model\Vmd\VmdMotionDefine.h">
      <Filter>Bifrost\Model\Vmd</Filter>
    </ClInclude>
    <ClInclude Include="Bifrost\Subsystem\SubsystemBase\SubsystemBase.h">
      <Filter>Bifrost\Subsystem\SubsystemBase</Filter>
    </ClInclude>
    <ClInclude Include="Bifrost\Subsystem\SubsystemBase\SubsystemInitializerBase.h">
      <Filter>Bifrost\Subsystem\SubsystemBase</Filter>
    </ClInclude>
    <ClInclude Include="Bifrost\Subsystem\Resource\ResourceManagementSubsystemInitializer.h">
      <Filter>Bifrost\Subsystem\Resource</Filter>
    </ClInclude>
    <ClInclude Include="Bifrost\Subsystem\UpdateInterval\UpdateIntervalSubsystem.h">
      <Filter>Bifrost\Subsystem\UpdateInterval</Filter>
    </ClInclude>
    <ClInclude Include="Bifrost\Subsystem\UpdateInterval\UpdateIntervalSubsystemInitializer.h">
      <Filter>Bifrost\Subsystem\UpdateInterval</Filter>
    </ClInclude>
    <ClInclude Include="Bifrost\Level\LevelBase.h">
      <Filter>Bifrost\Level</Filter>
    </ClInclude>
    <ClInclude Include="Bifrost\Component\Rendering\RenderingComponent.h">
      <Filter>Bifrost\Component\Rendering</Filter>
    </ClInclude>
    <ClInclude Include="Bifrost\Component\Rendering\ModelRendering\ModelRenderingComponent.h">
      <Filter>Bifrost\Component\Rendering\ModelRendering</Filter>
    </ClInclude>
  </ItemGroup>
  <ItemGroup>
    <ClCompile Include="Bifrost\Model\MeshData\MeshData.cpp">
      <Filter>Bifrost\Model\MeshData</Filter>
    </ClCompile>
    <ClCompile Include="Bifrost\Model\Pmd\PmdMaterialData.cpp">
      <Filter>Bifrost\Model\Pmd</Filter>
    </ClCompile>
    <ClCompile Include="Bifrost\Model\Pmd\PmdParser.cpp">
      <Filter>Bifrost\Model\Pmd</Filter>
    </ClCompile>
    <ClCompile Include="Bifrost\Subsystem\Dominator\SubsystemDominator.cpp">
      <Filter>Bifrost\Subsystem\Dominator</Filter>
    </ClCompile>
    <ClCompile Include="Bifrost\Subsystem\ServiceLocator\SubsystemServiceLocator.cpp">
      <Filter>Bifrost\Subsystem\ServiceLocator</Filter>
    </ClCompile>
    <ClCompile Include="Bifrost\Subsystem\Resource\ResourceManagementSubsystem.cpp">
      <Filter>Bifrost\Subsystem\Resource</Filter>
    </ClCompile>
    <ClCompile Include="Bifrost\Subsystem\Resource\ResourceSubsystemInterface.cpp">
      <Filter>Bifrost\Subsystem\Resource</Filter>
    </ClCompile>
    <ClCompile Include="Bifrost\Resource\Texture\FileLoadTexture.cpp">
      <Filter>Bifrost\Resource\Texture</Filter>
    </ClCompile>
    <ClCompile Include="Bifrost\Resource\Manager\MeshDataManager.cpp">
      <Filter>Bifrost\Resource\Manager</Filter>
    </ClCompile>
    <ClCompile Include="Bifrost\Model\Pmd\PmdMaterialResource.cpp">
      <Filter>Bifrost\Model\Pmd</Filter>
    </ClCompile>
    <ClCompile Include="Bifrost\Resource\Manager\MaterialManager.cpp">
      <Filter>Bifrost\Resource\Manager</Filter>
    </ClCompile>
    <ClCompile Include="Bifrost\Resource\Manager\PipelineStateObjectManager.cpp">
      <Filter>Bifrost\Resource\Manager</Filter>
    </ClCompile>
    <ClCompile Include="Bifrost\Resource\PSO\PipelineStateObject.cpp">
      <Filter>Bifrost\Resource\PSO</Filter>
    </ClCompile>
    <ClCompile Include="Bifrost\Actor\Actor.cpp">
      <Filter>Bifrost\Actor</Filter>
    </ClCompile>
    <ClCompile Include="Bifrost\Actor\ActorManager.cpp">
      <Filter>Bifrost\Actor</Filter>
    </ClCompile>
    <ClCompile Include="Bifrost\Component\Component.cpp">
      <Filter>Bifrost\Component</Filter>
    </ClCompile>
    <ClCompile Include="Bifrost\Subsystem\Updater\UpdateProcessor.cpp">
      <Filter>Bifrost\Subsystem\Updater</Filter>
    </ClCompile>
    <ClCompile Include="Bifrost\Subsystem\Updater\UpdateProcessorSubsystem.cpp">
      <Filter>Bifrost\Subsystem\Updater</Filter>
    </ClCompile>
    <ClCompile Include="Bifrost\Subsystem\Rendering\RenderingSubsystem.cpp">
      <Filter>Bifrost\Subsystem\Rendering</Filter>
    </ClCompile>
    <ClCompile Include="Bifrost\Subsystem\Rendering\RenderingQueue\RenderingQueue.cpp">
      <Filter>Bifrost\Subsystem\Rendering\RenderingQueue</Filter>
    </ClCompile>
    <ClCompile Include="Bifrost\Subsystem\Updater\OnceExecuter\OnceExecuteProcessor.cpp">
      <Filter>Bifrost\Subsystem\Updater\OnceExecuter</Filter>
    </ClCompile>
    <ClCompile Include="Bifrost\Component\Pmd\PmdModelComponent.cpp">
      <Filter>Bifrost\Component\Pmd</Filter>
    </ClCompile>
    <ClCompile Include="Bifrost\Component\Transform\TransformComponent.cpp">
      <Filter>Bifrost\Component\Transform</Filter>
    </ClCompile>
    <ClCompile Include="Bifrost\Subsystem\Actor\ActorSubsystem.cpp">
      <Filter>Bifrost\Subsystem\Actor</Filter>
    </ClCompile>
    <ClCompile Include="Bifrost\Actor\CameraActor\CameraActor.cpp">
      <Filter>Bifrost\Actor\CameraActor</Filter>
    </ClCompile>
    <ClCompile Include="Bifrost\Component\Camera\CameraComponent.cpp">
      <Filter>Bifrost\Component\CameraComponent</Filter>
    </ClCompile>
    <ClCompile Include="Bifrost\Subsystem\Camera\CameraSubsystem.cpp">
      <Filter>Bifrost\Subsystem\Camera</Filter>
    </ClCompile>
    <ClCompile Include="Bifrost\Component\Light\LightComponent.cpp">
      <Filter>Bifrost\Component\LightComponent</Filter>
    </ClCompile>
    <ClCompile Include="Bifrost\Subsystem\Light\LightSubsystem.cpp">
      <Filter>Bifrost\Subsystem\Light</Filter>
    </ClCompile>
    <ClCompile Include="Bifrost\Actor\LightActor\LightActor.cpp">
      <Filter>Bifrost\Actor\LightActor</Filter>
    </ClCompile>
    <ClCompile Include="Bifrost\Model\Pmd\PmdSkeleton.cpp">
      <Filter>Bifrost\Model\Pmd</Filter>
    </ClCompile>
    <ClCompile Include="Bifrost\Model\Vmd\VmdParser.cpp">
      <Filter>Bifrost\Model\Vmd</Filter>
    </ClCompile>
    <ClCompile Include="Bifrost\Resource\Motion\VmdMotionResource.cpp">
      <Filter>Bifrost\Resource\Motion</Filter>
    </ClCompile>
    <ClCompile Include="Bifrost\Resource\Manager\MotionResourceManager.cpp">
      <Filter>Bifrost\Resource\Manager</Filter>
    </ClCompile>
    <ClCompile Include="Bifrost\Subsystem\UpdateInterval\UpdateIntervalSubsystem.cpp">
      <Filter>Bifrost\Subsystem\UpdateInterval</Filter>
    </ClCompile>
    <ClCompile Include="Bifrost\Level\LevelBase.cpp">
      <Filter>Bifrost\Level</Filter>
    </ClCompile>
    <ClCompile Include="Bifrost\Component\Rendering\RenderingComponent.cpp">
      <Filter>Bifrost\Component\Rendering</Filter>
    </ClCompile>
    <ClCompile Include="Bifrost\Component\Rendering\ModelRendering\ModelRenderingComponent.cpp">
      <Filter>Bifrost\Component\Rendering\ModelRendering</Filter>
    </ClCompile>
  </ItemGroup>
  <ItemGroup>
    <None Include="Bifrost\Subsystem\Resource\ResourceManagementSubsystem.inl">
      <Filter>Bifrost\Subsystem\Resource</Filter>
    </None>
    <None Include="Bifrost\Level\LevelBase.inl">
      <Filter>Bifrost\Level</Filter>
    </None>
  </ItemGroup>
</Project>